
Microsoft Visual Studio Solution File, Format Version 12.00
# Visual Studio Version 16
VisualStudioVersion = 16.0.29215.179
MinimumVisualStudioVersion = 10.0.40219.1
Project("{9A19103F-16F7-4668-BE54-9A1E7A4F7556}") = "GitAPITeste", "GitAPITeste.csproj", "{C1883751-2C35-4716-B1C9-AEFD5240044F}"
EndProject
Global
	GlobalSection(SolutionConfigurationPlatforms) = preSolution
		Debug|Any CPU = Debug|Any CPU
		Release|Any CPU = Release|Any CPU
	EndGlobalSection
	GlobalSection(ProjectConfigurationPlatforms) = postSolution
		{C1883751-2C35-4716-B1C9-AEFD5240044F}.Debug|Any CPU.ActiveCfg = Debug|Any CPU
		{C1883751-2C35-4716-B1C9-AEFD5240044F}.Debug|Any CPU.Build.0 = Debug|Any CPU
		{C1883751-2C35-4716-B1C9-AEFD5240044F}.Release|Any CPU.ActiveCfg = Release|Any CPU
		{C1883751-2C35-4716-B1C9-AEFD5240044F}.Release|Any CPU.Build.0 = Release|Any CPU
	EndGlobalSection
	GlobalSection(SolutionProperties) = preSolution
		HideSolutionNode = FALSE
	EndGlobalSection
	GlobalSection(ExtensibilityGlobals) = postSolution
		SolutionGuid = {011D280E-9341-4E34-BC95-80A9D25444DE}
	EndGlobalSection
EndGlobal
